{
  "name": "mcpe-script-api",
  "version": "1.0.0",
  "lockfileVersion": 3,
  "requires": true,
  "packages": {
    "": {
      "name": "mcpe-script-api",
      "version": "1.0.0",
      "license": "ISC",
      "devDependencies": {
        "@minecraft/server": "^1.8.0-beta.1.20.50-stable",
        "@minecraft/server-ui": "^1.2.0-beta.1.20.40-stable",
        "typescript": "^5.3.3"
      }
    },
    "node_modules/@minecraft/common": {
      "version": "1.1.0",
      "resolved": "https://registry.npmjs.org/@minecraft/common/-/common-1.1.0.tgz",
      "integrity": "sha512-stbUtINCXbcLNRlGNVX68xRC6ZYq3k3CYmfptwrCcPBEUjVOpVkSj3H4Y0qiSYB+1rVWv7DgiP7Uf9++50Ne5g==",
      "dev": true
    },
    "node_modules/@minecraft/server": {
      "version": "1.8.0-beta.1.20.50-stable",
      "resolved": "https://registry.npmjs.org/@minecraft/server/-/server-1.8.0-beta.1.20.50-stable.tgz",
      "integrity": "sha512-2QT+JWbwHWepaX2Md8g7s9HsNXqoSS2ztdTpI6ICNl1Uyodeg4P1D3oZnNVy7sVS5FTnh86P8YVTsL2oYla/SA==",
      "dev": true,
      "dependencies": {
        "@minecraft/common": "^1.1.0"
      }
    },
    "node_modules/@minecraft/server-ui": {
      "version": "1.2.0-beta.1.20.70-preview.20",
      "resolved": "https://registry.npmjs.org/@minecraft/server-ui/-/server-ui-1.2.0-beta.1.20.70-preview.20.tgz",
      "integrity": "sha512-18bo7NnksOzoE77R2mZbWXdygwgSt1GHYo+hQwMvlkl5ocrSLErxbFgEfHym2y2duGDT+m4ygTRzO3C1uuWPEw==",
      "dev": true,
      "dependencies": {
        "@minecraft/common": "^1.0.0",
        "@minecraft/server": "^1.8.0-rc.1.20.70-preview.20"
      }
    },
    "node_modules/@minecraft/server-ui/node_modules/@minecraft/server": {
      "version": "1.8.0-rc.1.20.70-preview.21",
      "resolved": "https://registry.npmjs.org/@minecraft/server/-/server-1.8.0-rc.1.20.70-preview.21.tgz",
      "integrity": "sha512-CaQz66NBAAR+qkg4INsMcdcbcNTXV1Q9YmX92BXeiF2i4IFVJ+K30gOkNf47lrOJ0O5yVco7oY7VSU11q3S03w==",
      "dev": true,
      "dependencies": {
        "@minecraft/common": "^1.1.0"
      }
    },
    "node_modules/typescript": {
      "version": "5.3.3",
      "resolved": "https://registry.npmjs.org/typescript/-/typescript-5.3.3.tgz",
      "integrity": "sha512-pXWcraxM0uxAS+tN0AG/BF2TyqmHO014Z070UsJ+pFvYuRSq8KH8DmWpnbXe0pEPDHXZV3FcAbJkijJ5oNEnWw==",
      "dev": true,
      "bin": {
        "tsc": "bin/tsc",
        "tsserver": "bin/tsserver"
      },
      "engines": {
        "node": ">=14.17"
      }
    }
  }
}
